
Microsoft Visual Studio Solution File, Format Version 12.00
# Visual Studio Version 17
VisualStudioVersion = 17.11.35222.181
MinimumVisualStudioVersion = 10.0.40219.1
Project("{9A19103F-16F7-4668-BE54-9A1E7A4F7556}") = "TripManager.Api", "TripManager\TripManager.Api.csproj", "{82D58F26-8296-49D0-A406-49F2280EC66C}"
EndProject
Project("{2150E333-8FDC-42A3-9474-1A3956D46DE8}") = "Artifacts", "Artifacts", "{169665CC-FCD2-4EAA-AACB-3AED0CAEED5B}"
	ProjectSection(SolutionItems) = preProject
		.gitignore = .gitignore
		README.md = README.md
	EndProjectSection
EndProject
Project("{FAE04EC0-301F-11D3-BF4B-00C04F79EFBC}") = "TripManager.Application", "TripManager.Application\TripManager.Application.csproj", "{0F9E4A17-59AD-42EA-A363-2CF59079EFD6}"
EndProject
Project("{FAE04EC0-301F-11D3-BF4B-00C04F79EFBC}") = "TripManager.Communication", "TripManager.Communication\TripManager.Communication.csproj", "{3729DC23-1404-4CF1-8EFF-16A5EE4E77C7}"
EndProject
Project("{FAE04EC0-301F-11D3-BF4B-00C04F79EFBC}") = "TripManager.Exception", "TripManager.Exception\TripManager.Exception.csproj", "{0B7D4A87-3C9A-4D10-A470-54149747E144}"
EndProject
Project("{FAE04EC0-301F-11D3-BF4B-00C04F79EFBC}") = "TripManager.Infrastructure", "TripManager.Infrastructure\TripManager.Infrastructure.csproj", "{03B33D7C-1FDB-44B6-8ECD-449C6EB44A5C}"
EndProject
Project("{2150E333-8FDC-42A3-9474-1A3956D46DE8}") = "Tests", "Tests", "{42035A51-DADB-4467-A5DB-199956CFD95D}"
EndProject
Global
	GlobalSection(SolutionConfigurationPlatforms) = preSolution
		Debug|Any CPU = Debug|Any CPU
		Release|Any CPU = Release|Any CPU
	EndGlobalSection
	GlobalSection(ProjectConfigurationPlatforms) = postSolution
		{82D58F26-8296-49D0-A406-49F2280EC66C}.Debug|Any CPU.ActiveCfg = Debug|Any CPU
		{82D58F26-8296-49D0-A406-49F2280EC66C}.Debug|Any CPU.Build.0 = Debug|Any CPU
		{82D58F26-8296-49D0-A406-49F2280EC66C}.Release|Any CPU.ActiveCfg = Release|Any CPU
		{82D58F26-8296-49D0-A406-49F2280EC66C}.Release|Any CPU.Build.0 = Release|Any CPU
		{0F9E4A17-59AD-42EA-A363-2CF59079EFD6}.Debug|Any CPU.ActiveCfg = Debug|Any CPU
		{0F9E4A17-59AD-42EA-A363-2CF59079EFD6}.Debug|Any CPU.Build.0 = Debug|Any CPU
		{0F9E4A17-59AD-42EA-A363-2CF59079EFD6}.Release|Any CPU.ActiveCfg = Release|Any CPU
		{0F9E4A17-59AD-42EA-A363-2CF59079EFD6}.Release|Any CPU.Build.0 = Release|Any CPU
		{3729DC23-1404-4CF1-8EFF-16A5EE4E77C7}.Debug|Any CPU.ActiveCfg = Debug|Any CPU
		{3729DC23-1404-4CF1-8EFF-16A5EE4E77C7}.Debug|Any CPU.Build.0 = Debug|Any CPU
		{3729DC23-1404-4CF1-8EFF-16A5EE4E77C7}.Release|Any CPU.ActiveCfg = Release|Any CPU
		{3729DC23-1404-4CF1-8EFF-16A5EE4E77C7}.Release|Any CPU.Build.0 = Release|Any CPU
		{0B7D4A87-3C9A-4D10-A470-54149747E144}.Debug|Any CPU.ActiveCfg = Debug|Any CPU
		{0B7D4A87-3C9A-4D10-A470-54149747E144}.Debug|Any CPU.Build.0 = Debug|Any CPU
		{0B7D4A87-3C9A-4D10-A470-54149747E144}.Release|Any CPU.ActiveCfg = Release|Any CPU
		{0B7D4A87-3C9A-4D10-A470-54149747E144}.Release|Any CPU.Build.0 = Release|Any CPU
		{03B33D7C-1FDB-44B6-8ECD-449C6EB44A5C}.Debug|Any CPU.ActiveCfg = Debug|Any CPU
		{03B33D7C-1FDB-44B6-8ECD-449C6EB44A5C}.Debug|Any CPU.Build.0 = Debug|Any CPU
		{03B33D7C-1FDB-44B6-8ECD-449C6EB44A5C}.Release|Any CPU.ActiveCfg = Release|Any CPU
		{03B33D7C-1FDB-44B6-8ECD-449C6EB44A5C}.Release|Any CPU.Build.0 = Release|Any CPU
	EndGlobalSection
	GlobalSection(SolutionProperties) = preSolution
		HideSolutionNode = FALSE
	EndGlobalSection
	GlobalSection(ExtensibilityGlobals) = postSolution
		SolutionGuid = {84D9757E-A1C7-4D12-93BB-15D530DA8893}
	EndGlobalSection
EndGlobal
